# This file was autogenerated by Stack.
# You should not edit this file by hand.
# For more information, please see the documentation at:
#   https://docs.haskellstack.org/en/stable/lock_files

packages: []
snapshots:
- completed:
    size: 508662
    url: https://raw.githubusercontent.com/commercialhaskell/stackage-snapshots/master/nightly/2019/5/22.yaml
    sha256: d725d712494561c8d9b90a4ecaffd51861d32517f3ba9a43889de0b9eebabd1b
  original: nightly-2019-05-22
